
Microsoft Visual Studio Solution File, Format Version 12.00
# Visual Studio 15
VisualStudioVersion = 15.0.27130.2010
MinimumVisualStudioVersion = 10.0.40219.1
Project("{FAE04EC0-301F-11D3-BF4B-00C04F79EFBC}") = "Lego", "Lego\Lego.csproj", "{F241DC40-8AC8-4E6A-A385-81FA0B098FE5}"
EndProject
Global
	GlobalSection(SolutionConfigurationPlatforms) = preSolution
		Debug|Any CPU = Debug|Any CPU
		Release|Any CPU = Release|Any CPU
	EndGlobalSection
	GlobalSection(ProjectConfigurationPlatforms) = postSolution
		{F241DC40-8AC8-4E6A-A385-81FA0B098FE5}.Debug|Any CPU.ActiveCfg = Debug|Any CPU
		{F241DC40-8AC8-4E6A-A385-81FA0B098FE5}.Debug|Any CPU.Build.0 = Debug|Any CPU
		{F241DC40-8AC8-4E6A-A385-81FA0B098FE5}.Release|Any CPU.ActiveCfg = Release|Any CPU
		{F241DC40-8AC8-4E6A-A385-81FA0B098FE5}.Release|Any CPU.Build.0 = Release|Any CPU
	EndGlobalSection
	GlobalSection(SolutionProperties) = preSolution
		HideSolutionNode = FALSE
	EndGlobalSection
	GlobalSection(ExtensibilityGlobals) = postSolution
		SolutionGuid = {AAC78E5E-F3DC-4A66-A0C9-DE61D950E135}
	EndGlobalSection
EndGlobal
